
Microsoft Visual Studio Solution File, Format Version 12.00
# Visual Studio Version 17
VisualStudioVersion = 17.13.35913.81 d17.13
MinimumVisualStudioVersion = 10.0.40219.1
Project("{FAE04EC0-301F-11D3-BF4B-00C04F79EFBC}") = "parcial-test-1", "parcial-test-1\parcial-test-1.csproj", "{14A9784E-482D-4C1C-B5E0-BEB83D730793}"
EndProject
Global
	GlobalSection(SolutionConfigurationPlatforms) = preSolution
		Debug|Any CPU = Debug|Any CPU
		Release|Any CPU = Release|Any CPU
	EndGlobalSection
	GlobalSection(ProjectConfigurationPlatforms) = postSolution
		{14A9784E-482D-4C1C-B5E0-BEB83D730793}.Debug|Any CPU.ActiveCfg = Debug|Any CPU
		{14A9784E-482D-4C1C-B5E0-BEB83D730793}.Debug|Any CPU.Build.0 = Debug|Any CPU
		{14A9784E-482D-4C1C-B5E0-BEB83D730793}.Release|Any CPU.ActiveCfg = Release|Any CPU
		{14A9784E-482D-4C1C-B5E0-BEB83D730793}.Release|Any CPU.Build.0 = Release|Any CPU
	EndGlobalSection
	GlobalSection(SolutionProperties) = preSolution
		HideSolutionNode = FALSE
	EndGlobalSection
	GlobalSection(ExtensibilityGlobals) = postSolution
		SolutionGuid = {BA2636E8-FBE3-4391-A2BC-E4557546EB62}
	EndGlobalSection
EndGlobal
